
Microsoft Visual Studio Solution File, Format Version 12.00
# Visual Studio Version 17
VisualStudioVersion = 17.14.36221.1 d17.14
MinimumVisualStudioVersion = 10.0.40219.1
Project("{FAE04EC0-301F-11D3-BF4B-00C04F79EFBC}") = "GenerateSumNumber", "GenerateSumNumber\GenerateSumNumber.csproj", "{009916D2-1D07-477A-BF17-D4BFA4A6795F}"
EndProject
Global
	GlobalSection(SolutionConfigurationPlatforms) = preSolution
		Debug|Any CPU = Debug|Any CPU
		Release|Any CPU = Release|Any CPU
	EndGlobalSection
	GlobalSection(ProjectConfigurationPlatforms) = postSolution
		{009916D2-1D07-477A-BF17-D4BFA4A6795F}.Debug|Any CPU.ActiveCfg = Debug|Any CPU
		{009916D2-1D07-477A-BF17-D4BFA4A6795F}.Debug|Any CPU.Build.0 = Debug|Any CPU
		{009916D2-1D07-477A-BF17-D4BFA4A6795F}.Release|Any CPU.ActiveCfg = Release|Any CPU
		{009916D2-1D07-477A-BF17-D4BFA4A6795F}.Release|Any CPU.Build.0 = Release|Any CPU
	EndGlobalSection
	GlobalSection(SolutionProperties) = preSolution
		HideSolutionNode = FALSE
	EndGlobalSection
	GlobalSection(ExtensibilityGlobals) = postSolution
		SolutionGuid = {5ABE818B-6A94-4488-9A43-62B26D705910}
	EndGlobalSection
EndGlobal
