
Microsoft Visual Studio Solution File, Format Version 12.00
# Visual Studio Version 17
VisualStudioVersion = 17.14.36221.1 d17.14
MinimumVisualStudioVersion = 10.0.40219.1
Project("{FAE04EC0-301F-11D3-BF4B-00C04F79EFBC}") = "AddTwoInteger", "AddTwoInteger\AddTwoInteger.csproj", "{67D00D44-C301-401A-A508-45A5BFE4E3C6}"
EndProject
Global
	GlobalSection(SolutionConfigurationPlatforms) = preSolution
		Debug|Any CPU = Debug|Any CPU
		Release|Any CPU = Release|Any CPU
	EndGlobalSection
	GlobalSection(ProjectConfigurationPlatforms) = postSolution
		{67D00D44-C301-401A-A508-45A5BFE4E3C6}.Debug|Any CPU.ActiveCfg = Debug|Any CPU
		{67D00D44-C301-401A-A508-45A5BFE4E3C6}.Debug|Any CPU.Build.0 = Debug|Any CPU
		{67D00D44-C301-401A-A508-45A5BFE4E3C6}.Release|Any CPU.ActiveCfg = Release|Any CPU
		{67D00D44-C301-401A-A508-45A5BFE4E3C6}.Release|Any CPU.Build.0 = Release|Any CPU
	EndGlobalSection
	GlobalSection(SolutionProperties) = preSolution
		HideSolutionNode = FALSE
	EndGlobalSection
	GlobalSection(ExtensibilityGlobals) = postSolution
		SolutionGuid = {21520900-C998-4C87-B237-CC6320B233BB}
	EndGlobalSection
EndGlobal
