
Microsoft Visual Studio Solution File, Format Version 12.00
# Visual Studio Version 17
VisualStudioVersion = 17.14.36221.1 d17.14
MinimumVisualStudioVersion = 10.0.40219.1
Project("{FAE04EC0-301F-11D3-BF4B-00C04F79EFBC}") = "CalculateSumAndAverage", "CalculateSumAndAverage\CalculateSumAndAverage.csproj", "{99DC1C9E-AC83-4233-B73F-B4BF87B21104}"
EndProject
Global
	GlobalSection(SolutionConfigurationPlatforms) = preSolution
		Debug|Any CPU = Debug|Any CPU
		Release|Any CPU = Release|Any CPU
	EndGlobalSection
	GlobalSection(ProjectConfigurationPlatforms) = postSolution
		{99DC1C9E-AC83-4233-B73F-B4BF87B21104}.Debug|Any CPU.ActiveCfg = Debug|Any CPU
		{99DC1C9E-AC83-4233-B73F-B4BF87B21104}.Debug|Any CPU.Build.0 = Debug|Any CPU
		{99DC1C9E-AC83-4233-B73F-B4BF87B21104}.Release|Any CPU.ActiveCfg = Release|Any CPU
		{99DC1C9E-AC83-4233-B73F-B4BF87B21104}.Release|Any CPU.Build.0 = Release|Any CPU
	EndGlobalSection
	GlobalSection(SolutionProperties) = preSolution
		HideSolutionNode = FALSE
	EndGlobalSection
	GlobalSection(ExtensibilityGlobals) = postSolution
		SolutionGuid = {2E78E3A7-EA57-468E-BA67-0246442F5E75}
	EndGlobalSection
EndGlobal
