
Microsoft Visual Studio Solution File, Format Version 12.00
# Visual Studio Version 17
VisualStudioVersion = 17.14.36221.1 d17.14
MinimumVisualStudioVersion = 10.0.40219.1
Project("{FAE04EC0-301F-11D3-BF4B-00C04F79EFBC}") = "HelloWorldApplication", "HelloWorldApplication\HelloWorldApplication.csproj", "{396FC4DD-4572-4C39-9683-ED23F9B781A6}"
EndProject
Global
	GlobalSection(SolutionConfigurationPlatforms) = preSolution
		Debug|Any CPU = Debug|Any CPU
		Release|Any CPU = Release|Any CPU
	EndGlobalSection
	GlobalSection(ProjectConfigurationPlatforms) = postSolution
		{396FC4DD-4572-4C39-9683-ED23F9B781A6}.Debug|Any CPU.ActiveCfg = Debug|Any CPU
		{396FC4DD-4572-4C39-9683-ED23F9B781A6}.Debug|Any CPU.Build.0 = Debug|Any CPU
		{396FC4DD-4572-4C39-9683-ED23F9B781A6}.Release|Any CPU.ActiveCfg = Release|Any CPU
		{396FC4DD-4572-4C39-9683-ED23F9B781A6}.Release|Any CPU.Build.0 = Release|Any CPU
	EndGlobalSection
	GlobalSection(SolutionProperties) = preSolution
		HideSolutionNode = FALSE
	EndGlobalSection
	GlobalSection(ExtensibilityGlobals) = postSolution
		SolutionGuid = {0EA0842C-8100-4DAA-BA49-5C8512724A60}
	EndGlobalSection
EndGlobal
